
Microsoft Visual Studio Solution File, Format Version 12.00
# Visual Studio Version 17
VisualStudioVersion = 17.13.35818.85 d17.13
MinimumVisualStudioVersion = 10.0.40219.1
Project("{FAE04EC0-301F-11D3-BF4B-00C04F79EFBC}") = "EventEase", "EventEase\EventEase.csproj", "{061899B4-9D42-4FFC-9E61-7D3680836501}"
EndProject
Global
	GlobalSection(SolutionConfigurationPlatforms) = preSolution
		Debug|Any CPU = Debug|Any CPU
		Release|Any CPU = Release|Any CPU
	EndGlobalSection
	GlobalSection(ProjectConfigurationPlatforms) = postSolution
		{061899B4-9D42-4FFC-9E61-7D3680836501}.Debug|Any CPU.ActiveCfg = Debug|Any CPU
		{061899B4-9D42-4FFC-9E61-7D3680836501}.Debug|Any CPU.Build.0 = Debug|Any CPU
		{061899B4-9D42-4FFC-9E61-7D3680836501}.Release|Any CPU.ActiveCfg = Release|Any CPU
		{061899B4-9D42-4FFC-9E61-7D3680836501}.Release|Any CPU.Build.0 = Release|Any CPU
	EndGlobalSection
	GlobalSection(SolutionProperties) = preSolution
		HideSolutionNode = FALSE
	EndGlobalSection
	GlobalSection(ExtensibilityGlobals) = postSolution
		SolutionGuid = {50E4C8C2-FC82-46C9-A072-1870763E40A5}
	EndGlobalSection
EndGlobal
